
Microsoft Visual Studio Solution File, Format Version 12.00
# Visual Studio Version 17
VisualStudioVersion = 17.9.34723.18
MinimumVisualStudioVersion = 10.0.40219.1
Project("{FAE04EC0-301F-11D3-BF4B-00C04F79EFBC}") = "ToDoList", "ToDoList\ToDoList.csproj", "{F93897CC-C300-4CB6-B0F9-13384D15CAE2}"
EndProject
Global
	GlobalSection(SolutionConfigurationPlatforms) = preSolution
		Debug|Any CPU = Debug|Any CPU
		Release|Any CPU = Release|Any CPU
	EndGlobalSection
	GlobalSection(ProjectConfigurationPlatforms) = postSolution
		{F93897CC-C300-4CB6-B0F9-13384D15CAE2}.Debug|Any CPU.ActiveCfg = Debug|Any CPU
		{F93897CC-C300-4CB6-B0F9-13384D15CAE2}.Debug|Any CPU.Build.0 = Debug|Any CPU
		{F93897CC-C300-4CB6-B0F9-13384D15CAE2}.Release|Any CPU.ActiveCfg = Release|Any CPU
		{F93897CC-C300-4CB6-B0F9-13384D15CAE2}.Release|Any CPU.Build.0 = Release|Any CPU
	EndGlobalSection
	GlobalSection(SolutionProperties) = preSolution
		HideSolutionNode = FALSE
	EndGlobalSection
	GlobalSection(ExtensibilityGlobals) = postSolution
		SolutionGuid = {B2F201DC-E767-4136-B8F4-25FD1CEE9D99}
	EndGlobalSection
EndGlobal
